// !$*UTF8*$!
{
	archiveVersion = 1;
	classes = {
	};
	objectVersion = 50;
	objects = {

/* Begin PBXBuildFile section */
		4DB115F42186D82E0016F8B6 /* AppDelegate.m in Sources */ = {isa = PBXBuildFile; fileRef = 4DB115F32186D82E0016F8B6 /* AppDelegate.m */; };
		4DB115F72186D82E0016F8B6 /* ViewController.m in Sources */ = {isa = PBXBuildFile; fileRef = 4DB115F62186D82E0016F8B6 /* ViewController.m */; };
		4DB115FA2186D82E0016F8B6 /* Main.storyboard in Resources */ = {isa = PBXBuildFile; fileRef = 4DB115F82186D82E0016F8B6 /* Main.storyboard */; };
		4DB115FC2186D82F0016F8B6 /* Assets.xcassets in Resources */ = {isa = PBXBuildFile; fileRef = 4DB115FB2186D82F0016F8B6 /* Assets.xcassets */; };
		4DB115FF2186D82F0016F8B6 /* LaunchScreen.storyboard in Resources */ = {isa = PBXBuildFile; fileRef = 4DB115FD2186D82F0016F8B6 /* LaunchScreen.storyboard */; };
		4DB116022186D82F0016F8B6 /* main.m in Sources */ = {isa = PBXBuildFile; fileRef = 4DB116012186D82F0016F8B6 /* main.m */; };
		4DB1160C2186D82F0016F8B6 /* NSURLSecctionTests.m in Sources */ = {isa = PBXBuildFile; fileRef = 4DB1160B2186D82F0016F8B6 /* NSURLSecctionTests.m */; };
		4DB116172186D82F0016F8B6 /* NSURLSecctionUITests.m in Sources */ = {isa = PBXBuildFile; fileRef = 4DB116162186D82F0016F8B6 /* NSURLSecctionUITests.m */; };
		4DB116272186D9E00016F8B6 /* ZFNetwork.m in Sources */ = {isa = PBXBuildFile; fileRef = 4DB116262186D9E00016F8B6 /* ZFNetwork.m */; };
		4DB1162A2186E36A0016F8B6 /* ZFDownloadNetwork.m in Sources */ = {isa = PBXBuildFile; fileRef = 4DB116292186E36A0016F8B6 /* ZFDownloadNetwork.m */; };
/* End PBXBuildFile section */

/* Begin PBXContainerItemProxy section */
		4DB116082186D82F0016F8B6 /* PBXContainerItemProxy */ = {
			isa = PBXContainerItemProxy;
			containerPortal = 4DB115E72186D82E0016F8B6 /* Project object */;
			proxyType = 1;
			remoteGlobalIDString = 4DB115EE2186D82E0016F8B6;
			remoteInfo = NSURLSecction;
		};
		4DB116132186D82F0016F8B6 /* PBXContainerItemProxy */ = {
			isa = PBXContainerItemProxy;
			containerPortal = 4DB115E72186D82E0016F8B6 /* Project object */;
			proxyType = 1;
			remoteGlobalIDString = 4DB115EE2186D82E0016F8B6;
			remoteInfo = NSURLSecction;
		};
/* End PBXContainerItemProxy section */

/* Begin PBXFileReference section */
		4DB115EF2186D82E0016F8B6 /* NSURLSecction.app */ = {isa = PBXFileReference; explicitFileType = wrapper.application; includeInIndex = 0; path = NSURLSecction.app; sourceTree = BUILT_PRODUCTS_DIR; };
		4DB115F22186D82E0016F8B6 /* AppDelegate.h */ = {isa = PBXFileReference; lastKnownFileType = sourcecode.c.h; path = AppDelegate.h; sourceTree = "<group>"; };
		4DB115F32186D82E0016F8B6 /* AppDelegate.m */ = {isa = PBXFileReference; lastKnownFileType = sourcecode.c.objc; path = AppDelegate.m; sourceTree = "<group>"; };
		4DB115F52186D82E0016F8B6 /* ViewController.h */ = {isa = PBXFileReference; lastKnownFileType = sourcecode.c.h; path = ViewController.h; sourceTree = "<group>"; };
		4DB115F62186D82E0016F8B6 /* ViewController.m */ = {isa = PBXFileReference; lastKnownFileType = sourcecode.c.objc; path = ViewController.m; sourceTree = "<group>"; };
		4DB115F92186D82E0016F8B6 /* Base */ = {isa = PBXFileReference; lastKnownFileType = file.storyboard; name = Base; path = Base.lproj/Main.storyboard; sourceTree = "<group>"; };
		4DB115FB2186D82F0016F8B6 /* Assets.xcassets */ = {isa = PBXFileReference; lastKnownFileType = folder.assetcatalog; path = Assets.xcassets; sourceTree = "<group>"; };
		4DB115FE2186D82F0016F8B6 /* Base */ = {isa = PBXFileReference; lastKnownFileType = file.storyboard; name = Base; path = Base.lproj/LaunchScreen.storyboard; sourceTree = "<group>"; };
		4DB116002186D82F0016F8B6 /* Info.plist */ = {isa = PBXFileReference; lastKnownFileType = text.plist.xml; path = Info.plist; sourceTree = "<group>"; };
		4DB116012186D82F0016F8B6 /* main.m */ = {isa = PBXFileReference; lastKnownFileType = sourcecode.c.objc; path = main.m; sourceTree = "<group>"; };
		4DB116072186D82F0016F8B6 /* NSURLSecctionTests.xctest */ = {isa = PBXFileReference; explicitFileType = wrapper.cfbundle; includeInIndex = 0; path = NSURLSecctionTests.xctest; sourceTree = BUILT_PRODUCTS_DIR; };
		4DB1160B2186D82F0016F8B6 /* NSURLSecctionTests.m */ = {isa = PBXFileReference; lastKnownFileType = sourcecode.c.objc; path = NSURLSecctionTests.m; sourceTree = "<group>"; };
		4DB1160D2186D82F0016F8B6 /* Info.plist */ = {isa = PBXFileReference; lastKnownFileType = text.plist.xml; path = Info.plist; sourceTree = "<group>"; };
		4DB116122186D82F0016F8B6 /* NSURLSecctionUITests.xctest */ = {isa = PBXFileReference; explicitFileType = wrapper.cfbundle; includeInIndex = 0; path = NSURLSecctionUITests.xctest; sourceTree = BUILT_PRODUCTS_DIR; };
		4DB116162186D82F0016F8B6 /* NSURLSecctionUITests.m */ = {isa = PBXFileReference; lastKnownFileType = sourcecode.c.objc; path = NSURLSecctionUITests.m; sourceTree = "<group>"; };
		4DB116182186D82F0016F8B6 /* Info.plist */ = {isa = PBXFileReference; lastKnownFileType = text.plist.xml; path = Info.plist; sourceTree = "<group>"; };
		4DB116252186D9E00016F8B6 /* ZFNetwork.h */ = {isa = PBXFileReference; lastKnownFileType = sourcecode.c.h; path = ZFNetwork.h; sourceTree = "<group>"; };
		4DB116262186D9E00016F8B6 /* ZFNetwork.m */ = {isa = PBXFileReference; lastKnownFileType = sourcecode.c.objc; path = ZFNetwork.m; sourceTree = "<group>"; };
		4DB116282186E36A0016F8B6 /* ZFDownloadNetwork.h */ = {isa = PBXFileReference; lastKnownFileType = sourcecode.c.h; path = ZFDownloadNetwork.h; sourceTree = "<group>"; };
		4DB116292186E36A0016F8B6 /* ZFDownloadNetwork.m */ = {isa = PBXFileReference; lastKnownFileType = sourcecode.c.objc; path = ZFDownloadNetwork.m; sourceTree = "<group>"; };
/* End PBXFileReference section */

/* Begin PBXFrameworksBuildPhase section */
		4DB115EC2186D82E0016F8B6 /* Frameworks */ = {
			isa = PBXFrameworksBuildPhase;
			buildActionMask = 2147483647;
			files = (
			);
			runOnlyForDeploymentPostprocessing = 0;
		};
		4DB116042186D82F0016F8B6 /* Frameworks */ = {
			isa = PBXFrameworksBuildPhase;
			buildActionMask = 2147483647;
			files = (
			);
			runOnlyForDeploymentPostprocessing = 0;
		};
		4DB1160F2186D82F0016F8B6 /* Frameworks */ = {
			isa = PBXFrameworksBuildPhase;
			buildActionMask = 2147483647;
			files = (
			);
			runOnlyForDeploymentPostprocessing = 0;
		};
/* End PBXFrameworksBuildPhase section */

/* Begin PBXGroup section */
		4DB115E62186D82E0016F8B6 = {
			isa = PBXGroup;
			children = (
				4DB115F12186D82E0016F8B6 /* NSURLSecction */,
				4DB1160A2186D82F0016F8B6 /* NSURLSecctionTests */,
				4DB116152186D82F0016F8B6 /* NSURLSecctionUITests */,
				4DB115F02186D82E0016F8B6 /* Products */,
			);
			sourceTree = "<group>";
		};
		4DB115F02186D82E0016F8B6 /* Products */ = {
			isa = PBXGroup;
			children = (
				4DB115EF2186D82E0016F8B6 /* NSURLSecction.app */,
				4DB116072186D82F0016F8B6 /* NSURLSecctionTests.xctest */,
				4DB116122186D82F0016F8B6 /* NSURLSecctionUITests.xctest */,
			);
			name = Products;
			sourceTree = "<group>";
		};
		4DB115F12186D82E0016F8B6 /* NSURLSecction */ = {
			isa = PBXGroup;
			children = (
				4DB116242186D9930016F8B6 /* network */,
				4DB115F22186D82E0016F8B6 /* AppDelegate.h */,
				4DB115F32186D82E0016F8B6 /* AppDelegate.m */,
				4DB115F52186D82E0016F8B6 /* ViewController.h */,
				4DB115F62186D82E0016F8B6 /* ViewController.m */,
				4DB115F82186D82E0016F8B6 /* Main.storyboard */,
				4DB115FB2186D82F0016F8B6 /* Assets.xcassets */,
				4DB115FD2186D82F0016F8B6 /* LaunchScreen.storyboard */,
				4DB116002186D82F0016F8B6 /* Info.plist */,
				4DB116012186D82F0016F8B6 /* main.m */,
			);
			path = NSURLSecction;
			sourceTree = "<group>";
		};
		4DB1160A2186D82F0016F8B6 /* NSURLSecctionTests */ = {
			isa = PBXGroup;
			children = (
				4DB1160B2186D82F0016F8B6 /* NSURLSecctionTests.m */,
				4DB1160D2186D82F0016F8B6 /* Info.plist */,
			);
			path = NSURLSecctionTests;
			sourceTree = "<group>";
		};
		4DB116152186D82F0016F8B6 /* NSURLSecctionUITests */ = {
			isa = PBXGroup;
			children = (
				4DB116162186D82F0016F8B6 /* NSURLSecctionUITests.m */,
				4DB116182186D82F0016F8B6 /* Info.plist */,
			);
			path = NSURLSecctionUITests;
			sourceTree = "<group>";
		};
		4DB116242186D9930016F8B6 /* network */ = {
			isa = PBXGroup;
			children = (
				4DB116252186D9E00016F8B6 /* ZFNetwork.h */,
				4DB116262186D9E00016F8B6 /* ZFNetwork.m */,
				4DB116282186E36A0016F8B6 /* ZFDownloadNetwork.h */,
				4DB116292186E36A0016F8B6 /* ZFDownloadNetwork.m */,
			);
			path = network;
			sourceTree = "<group>";
		};
/* End PBXGroup section */

/* Begin PBXNativeTarget section */
		4DB115EE2186D82E0016F8B6 /* NSURLSecction */ = {
			isa = PBXNativeTarget;
			buildConfigurationList = 4DB1161B2186D82F0016F8B6 /* Build configuration list for PBXNativeTarget "NSURLSecction" */;
			buildPhases = (
				4DB115EB2186D82E0016F8B6 /* Sources */,
				4DB115EC2186D82E0016F8B6 /* Frameworks */,
				4DB115ED2186D82E0016F8B6 /* Resources */,
			);
			buildRules = (
			);
			dependencies = (
			);
			name = NSURLSecction;
			productName = NSURLSecction;
			productReference = 4DB115EF2186D82E0016F8B6 /* NSURLSecction.app */;
			productType = "com.apple.product-type.application";
		};
		4DB116062186D82F0016F8B6 /* NSURLSecctionTests */ = {
			isa = PBXNativeTarget;
			buildConfigurationList = 4DB1161E2186D82F0016F8B6 /* Build configuration list for PBXNativeTarget "NSURLSecctionTests" */;
			buildPhases = (
				4DB116032186D82F0016F8B6 /* Sources */,
				4DB116042186D82F0016F8B6 /* Frameworks */,
				4DB116052186D82F0016F8B6 /* Resources */,
			);
			buildRules = (
			);
			dependencies = (
				4DB116092186D82F0016F8B6 /* PBXTargetDependency */,
			);
			name = NSURLSecctionTests;
			productName = NSURLSecctionTests;
			productReference = 4DB116072186D82F0016F8B6 /* NSURLSecctionTests.xctest */;
			productType = "com.apple.product-type.bundle.unit-test";
		};
		4DB116112186D82F0016F8B6 /* NSURLSecctionUITests */ = {
			isa = PBXNativeTarget;
			buildConfigurationList = 4DB116212186D82F0016F8B6 /* Build configuration list for PBXNativeTarget "NSURLSecctionUITests" */;
			buildPhases = (
				4DB1160E2186D82F0016F8B6 /* Sources */,
				4DB1160F2186D82F0016F8B6 /* Frameworks */,
				4DB116102186D82F0016F8B6 /* Resources */,
			);
			buildRules = (
			);
			dependencies = (
				4DB116142186D82F0016F8B6 /* PBXTargetDependency */,
			);
			name = NSURLSecctionUITests;
			productName = NSURLSecctionUITests;
			productReference = 4DB116122186D82F0016F8B6 /* NSURLSecctionUITests.xctest */;
			productType = "com.apple.product-type.bundle.ui-testing";
		};
/* End PBXNativeTarget section */

/* Begin PBXProject section */
		4DB115E72186D82E0016F8B6 /* Project object */ = {
			isa = PBXProject;
			attributes = {
				LastUpgradeCheck = 1000;
				TargetAttributes = {
					4DB115EE2186D82E0016F8B6 = {
						CreatedOnToolsVersion = 10.0;
					};
					4DB116062186D82F0016F8B6 = {
						CreatedOnToolsVersion = 10.0;
						TestTargetID = 4DB115EE2186D82E0016F8B6;
					};
					4DB116112186D82F0016F8B6 = {
						CreatedOnToolsVersion = 10.0;
						TestTargetID = 4DB115EE2186D82E0016F8B6;
					};
				};
			};
			buildConfigurationList = 4DB115EA2186D82E0016F8B6 /* Build configuration list for PBXProject "NSURLSecction" */;
			compatibilityVersion = "Xcode 9.3";
			developmentRegion = en;
			hasScannedForEncodings = 0;
			knownRegions = (
				en,
				Base,
			);
			mainGroup = 4DB115E62186D82E0016F8B6;
			productRefGroup = 4DB115F02186D82E0016F8B6 /* Products */;
			projectDirPath = "";
			projectRoot = "";
			targets = (
				4DB115EE2186D82E0016F8B6 /* NSURLSecction */,
				4DB116062186D82F0016F8B6 /* NSURLSecctionTests */,
				4DB116112186D82F0016F8B6 /* NSURLSecctionUITests */,
			);
		};
/* End PBXProject section */

/* Begin PBXResourcesBuildPhase section */
		4DB115ED2186D82E0016F8B6 /* Resources */ = {
			isa = PBXResourcesBuildPhase;
			buildActionMask = 2147483647;
			files = (
				4DB115FF2186D82F0016F8B6 /* LaunchScreen.storyboard in Resources */,
				4DB115FC2186D82F0016F8B6 /* Assets.xcassets in Resources */,
				4DB115FA2186D82E0016F8B6 /* Main.storyboard in Resources */,
			);
			runOnlyForDeploymentPostprocessing = 0;
		};
		4DB116052186D82F0016F8B6 /* Resources */ = {
			isa = PBXResourcesBuildPhase;
			buildActionMask = 2147483647;
			files = (
			);
			runOnlyForDeploymentPostprocessing = 0;
		};
		4DB116102186D82F0016F8B6 /* Resources */ = {
			isa = PBXResourcesBuildPhase;
			buildActionMask = 2147483647;
			files = (
			);
			runOnlyForDeploymentPostprocessing = 0;
		};
/* End PBXResourcesBuildPhase section */

/* Begin PBXSourcesBuildPhase section */
		4DB115EB2186D82E0016F8B6 /* Sources */ = {
			isa = PBXSourcesBuildPhase;
			buildActionMask = 2147483647;
			files = (
				4DB116272186D9E00016F8B6 /* ZFNetwork.m in Sources */,
				4DB115F72186D82E0016F8B6 /* ViewController.m in Sources */,
				4DB116022186D82F0016F8B6 /* main.m in Sources */,
				4DB115F42186D82E0016F8B6 /* AppDelegate.m in Sources */,
				4DB1162A2186E36A0016F8B6 /* ZFDownloadNetwork.m in Sources */,
			);
			runOnlyForDeploymentPostprocessing = 0;
		};
		4DB116032186D82F0016F8B6 /* Sources */ = {
			isa = PBXSourcesBuildPhase;
			buildActionMask = 2147483647;
			files = (
				4DB1160C2186D82F0016F8B6 /* NSURLSecctionTests.m in Sources */,
			);
			runOnlyForDeploymentPostprocessing = 0;
		};
		4DB1160E2186D82F0016F8B6 /* Sources */ = {
			isa = PBXSourcesBuildPhase;
			buildActionMask = 2147483647;
			files = (
				4DB116172186D82F0016F8B6 /* NSURLSecctionUITests.m in Sources */,
			);
			runOnlyForDeploymentPostprocessing = 0;
		};
/* End PBXSourcesBuildPhase section */

/* Begin PBXTargetDependency section */
		4DB116092186D82F0016F8B6 /* PBXTargetDependency */ = {
			isa = PBXTargetDependency;
			target = 4DB115EE2186D82E0016F8B6 /* NSURLSecction */;
			targetProxy = 4DB116082186D82F0016F8B6 /* PBXContainerItemProxy */;
		};
		4DB116142186D82F0016F8B6 /* PBXTargetDependency */ = {
			isa = PBXTargetDependency;
			target = 4DB115EE2186D82E0016F8B6 /* NSURLSecction */;
			targetProxy = 4DB116132186D82F0016F8B6 /* PBXContainerItemProxy */;
		};
/* End PBXTargetDependency section */

/* Begin PBXVariantGroup section */
		4DB115F82186D82E0016F8B6 /* Main.storyboard */ = {
			isa = PBXVariantGroup;
			children = (
				4DB115F92186D82E0016F8B6 /* Base */,
			);
			name = Main.storyboard;
			sourceTree = "<group>";
		};
		4DB115FD2186D82F0016F8B6 /* LaunchScreen.storyboard */ = {
			isa = PBXVariantGroup;
			children = (
				4DB115FE2186D82F0016F8B6 /* Base */,
			);
			name = LaunchScreen.storyboard;
			sourceTree = "<group>";
		};
/* End PBXVariantGroup section */

/* Begin XCBuildConfiguration section */
		4DB116192186D82F0016F8B6 /* Debug */ = {
			isa = XCBuildConfiguration;
			buildSettings = {
				ALWAYS_SEARCH_USER_PATHS = NO;
				CLANG_ANALYZER_NONNULL = YES;
				CLANG_ANALYZER_NUMBER_OBJECT_CONVERSION = YES_AGGRESSIVE;
				CLANG_CXX_LANGUAGE_STANDARD = "gnu++14";
				CLANG_CXX_LIBRARY = "libc++";
				CLANG_ENABLE_MODULES = YES;
				CLANG_ENABLE_OBJC_ARC = YES;
				CLANG_ENABLE_OBJC_WEAK = YES;
				CLANG_WARN_BLOCK_CAPTURE_AUTORELEASING = YES;
				CLANG_WARN_BOOL_CONVERSION = YES;
				CLANG_WARN_COMMA = YES;
				CLANG_WARN_CONSTANT_CONVERSION = YES;
				CLANG_WARN_DEPRECATED_OBJC_IMPLEMENTATIONS = YES;
				CLANG_WARN_DIRECT_OBJC_ISA_USAGE = YES_ERROR;
				CLANG_WARN_DOCUMENTATION_COMMENTS = YES;
				CLANG_WARN_EMPTY_BODY = YES;
				CLANG_WARN_ENUM_CONVERSION = YES;
				CLANG_WARN_INFINITE_RECURSION = YES;
				CLANG_WARN_INT_CONVERSION = YES;
				CLANG_WARN_NON_LITERAL_NULL_CONVERSION = YES;
				CLANG_WARN_OBJC_IMPLICIT_RETAIN_SELF = YES;
				CLANG_WARN_OBJC_LITERAL_CONVERSION = YES;
				CLANG_WARN_OBJC_ROOT_CLASS = YES_ERROR;
				CLANG_WARN_RANGE_LOOP_ANALYSIS = YES;
				CLANG_WARN_STRICT_PROTOTYPES = YES;
				CLANG_WARN_SUSPICIOUS_MOVE = YES;
				CLANG_WARN_UNGUARDED_AVAILABILITY = YES_AGGRESSIVE;
				CLANG_WARN_UNREACHABLE_CODE = YES;
				CLANG_WARN__DUPLICATE_METHOD_MATCH = YES;
				CODE_SIGN_IDENTITY = "iPhone Developer";
				COPY_PHASE_STRIP = NO;
				DEBUG_INFORMATION_FORMAT = dwarf;
				ENABLE_STRICT_OBJC_MSGSEND = YES;
				ENABLE_TESTABILITY = YES;
				GCC_C_LANGUAGE_STANDARD = gnu11;
				GCC_DYNAMIC_NO_PIC = NO;
				GCC_NO_COMMON_BLOCKS = YES;
				GCC_OPTIMIZATION_LEVEL = 0;
				GCC_PREPROCESSOR_DEFINITIONS = (
					"DEBUG=1",
					"$(inherited)",
				);
				GCC_WARN_64_TO_32_BIT_CONVERSION = YES;
				GCC_WARN_ABOUT_RETURN_TYPE = YES_ERROR;
				GCC_WARN_UNDECLARED_SELECTOR = YES;
				GCC_WARN_UNINITIALIZED_AUTOS = YES_AGGRESSIVE;
				GCC_WARN_UNUSED_FUNCTION = YES;
				GCC_WARN_UNUSED_VARIABLE = YES;
				IPHONEOS_DEPLOYMENT_TARGET = 12.0;
				MTL_ENABLE_DEBUG_INFO = INCLUDE_SOURCE;
				MTL_FAST_MATH = YES;
				ONLY_ACTIVE_ARCH = YES;
				SDKROOT = iphoneos;
			};
			name = Debug;
		};
		4DB1161A2186D82F0016F8B6 /* Release */ = {
			isa = XCBuildConfiguration;
			buildSettings = {
				ALWAYS_SEARCH_USER_PATHS = NO;
				CLANG_ANALYZER_NONNULL = YES;
				CLANG_ANALYZER_NUMBER_OBJECT_CONVERSION = YES_AGGRESSIVE;
				CLANG_CXX_LANGUAGE_STANDARD = "gnu++14";
				CLANG_CXX_LIBRARY = "libc++";
				CLANG_ENABLE_MODULES = YES;
				CLANG_ENABLE_OBJC_ARC = YES;
				CLANG_ENABLE_OBJC_WEAK = YES;
				CLANG_WARN_BLOCK_CAPTURE_AUTORELEASING = YES;
				CLANG_WARN_BOOL_CONVERSION = YES;
				CLANG_WARN_COMMA = YES;
				CLANG_WARN_CONSTANT_CONVERSION = YES;
				CLANG_WARN_DEPRECATED_OBJC_IMPLEMENTATIONS = YES;
				CLANG_WARN_DIRECT_OBJC_ISA_USAGE = YES_ERROR;
				CLANG_WARN_DOCUMENTATION_COMMENTS = YES;
				CLANG_WARN_EMPTY_BODY = YES;
				CLANG_WARN_ENUM_CONVERSION = YES;
				CLANG_WARN_INFINITE_RECURSION = YES;
				CLANG_WARN_INT_CONVERSION = YES;
				CLANG_WARN_NON_LITERAL_NULL_CONVERSION = YES;
				CLANG_WARN_OBJC_IMPLICIT_RETAIN_SELF = YES;
				CLANG_WARN_OBJC_LITERAL_CONVERSION = YES;
				CLANG_WARN_OBJC_ROOT_CLASS = YES_ERROR;
				CLANG_WARN_RANGE_LOOP_ANALYSIS = YES;
				CLANG_WARN_STRICT_PROTOTYPES = YES;
				CLANG_WARN_SUSPICIOUS_MOVE = YES;
				CLANG_WARN_UNGUARDED_AVAILABILITY = YES_AGGRESSIVE;
				CLANG_WARN_UNREACHABLE_CODE = YES;
				CLANG_WARN__DUPLICATE_METHOD_MATCH = YES;
				CODE_SIGN_IDENTITY = "iPhone Developer";
				COPY_PHASE_STRIP = NO;
				DEBUG_INFORMATION_FORMAT = "dwarf-with-dsym";
				ENABLE_NS_ASSERTIONS = NO;
				ENABLE_STRICT_OBJC_MSGSEND = YES;
				GCC_C_LANGUAGE_STANDARD = gnu11;
				GCC_NO_COMMON_BLOCKS = YES;
				GCC_WARN_64_TO_32_BIT_CONVERSION = YES;
				GCC_WARN_ABOUT_RETURN_TYPE = YES_ERROR;
				GCC_WARN_UNDECLARED_SELECTOR = YES;
				GCC_WARN_UNINITIALIZED_AUTOS = YES_AGGRESSIVE;
				GCC_WARN_UNUSED_FUNCTION = YES;
				GCC_WARN_UNUSED_VARIABLE = YES;
				IPHONEOS_DEPLOYMENT_TARGET = 12.0;
				MTL_ENABLE_DEBUG_INFO = NO;
				MTL_FAST_MATH = YES;
				SDKROOT = iphoneos;
				VALIDATE_PRODUCT = YES;
			};
			name = Release;
		};
		4DB1161C2186D82F0016F8B6 /* Debug */ = {
			isa = XCBuildConfiguration;
			buildSettings = {
				ASSETCATALOG_COMPILER_APPICON_NAME = AppIcon;
				CODE_SIGN_STYLE = Automatic;
				INFOPLIST_FILE = NSURLSecction/Info.plist;
				LD_RUNPATH_SEARCH_PATHS = (
					"$(inherited)",
					"@executable_path/Frameworks",
				);
				PRODUCT_BUNDLE_IDENTIFIER = com.lxj..NSURLSecction;
				PRODUCT_NAME = "$(TARGET_NAME)";
				TARGETED_DEVICE_FAMILY = "1,2";
			};
			name = Debug;
		};
		4DB1161D2186D82F0016F8B6 /* Release */ = {
			isa = XCBuildConfiguration;
			buildSettings = {
				ASSETCATALOG_COMPILER_APPICON_NAME = AppIcon;
				CODE_SIGN_STYLE = Automatic;
				INFOPLIST_FILE = NSURLSecction/Info.plist;
				LD_RUNPATH_SEARCH_PATHS = (
					"$(inherited)",
					"@executable_path/Frameworks",
				);
				PRODUCT_BUNDLE_IDENTIFIER = com.lxj..NSURLSecction;
				PRODUCT_NAME = "$(TARGET_NAME)";
				TARGETED_DEVICE_FAMILY = "1,2";
			};
			name = Release;
		};
		4DB1161F2186D82F0016F8B6 /* Debug */ = {
			isa = XCBuildConfiguration;
			buildSettings = {
				BUNDLE_LOADER = "$(TEST_HOST)";
				CODE_SIGN_STYLE = Automatic;
				INFOPLIST_FILE = NSURLSecctionTests/Info.plist;
				LD_RUNPATH_SEARCH_PATHS = (
					"$(inherited)",
					"@executable_path/Frameworks",
					"@loader_path/Frameworks",
				);
				PRODUCT_BUNDLE_IDENTIFIER = com.lxj..NSURLSecctionTests;
				PRODUCT_NAME = "$(TARGET_NAME)";
				TARGETED_DEVICE_FAMILY = "1,2";
				TEST_HOST = "$(BUILT_PRODUCTS_DIR)/NSURLSecction.app/NSURLSecction";
			};
			name = Debug;
		};
		4DB116202186D82F0016F8B6 /* Release */ = {
			isa = XCBuildConfiguration;
			buildSettings = {
				BUNDLE_LOADER = "$(TEST_HOST)";
				CODE_SIGN_STYLE = Automatic;
				INFOPLIST_FILE = NSURLSecctionTests/Info.plist;
				LD_RUNPATH_SEARCH_PATHS = (
					"$(inherited)",
					"@executable_path/Frameworks",
					"@loader_path/Frameworks",
				);
				PRODUCT_BUNDLE_IDENTIFIER = com.lxj..NSURLSecctionTests;
				PRODUCT_NAME = "$(TARGET_NAME)";
				TARGETED_DEVICE_FAMILY = "1,2";
				TEST_HOST = "$(BUILT_PRODUCTS_DIR)/NSURLSecction.app/NSURLSecction";
			};
			name = Release;
		};
		4DB116222186D82F0016F8B6 /* Debug */ = {
			isa = XCBuildConfiguration;
			buildSettings = {
				CODE_SIGN_STYLE = Automatic;
				INFOPLIST_FILE = NSURLSecctionUITests/Info.plist;
				LD_RUNPATH_SEARCH_PATHS = (
					"$(inherited)",
					"@executable_path/Frameworks",
					"@loader_path/Frameworks",
				);
				PRODUCT_BUNDLE_IDENTIFIER = com.lxj..NSURLSecctionUITests;
				PRODUCT_NAME = "$(TARGET_NAME)";
				TARGETED_DEVICE_FAMILY = "1,2";
				TEST_TARGET_NAME = NSURLSecction;
			};
			name = Debug;
		};
		4DB116232186D82F0016F8B6 /* Release */ = {
			isa = XCBuildConfiguration;
			buildSettings = {
				CODE_SIGN_STYLE = Automatic;
				INFOPLIST_FILE = NSURLSecctionUITests/Info.plist;
				LD_RUNPATH_SEARCH_PATHS = (
					"$(inherited)",
					"@executable_path/Frameworks",
					"@loader_path/Frameworks",
				);
				PRODUCT_BUNDLE_IDENTIFIER = com.lxj..NSURLSecctionUITests;
				PRODUCT_NAME = "$(TARGET_NAME)";
				TARGETED_DEVICE_FAMILY = "1,2";
				TEST_TARGET_NAME = NSURLSecction;
			};
			name = Release;
		};
/* End XCBuildConfiguration section */

/* Begin XCConfigurationList section */
		4DB115EA2186D82E0016F8B6 /* Build configuration list for PBXProject "NSURLSecction" */ = {
			isa = XCConfigurationList;
			buildConfigurations = (
				4DB116192186D82F0016F8B6 /* Debug */,
				4DB1161A2186D82F0016F8B6 /* Release */,
			);
			defaultConfigurationIsVisible = 0;
			defaultConfigurationName = Release;
		};
		4DB1161B2186D82F0016F8B6 /* Build configuration list for PBXNativeTarget "NSURLSecction" */ = {
			isa = XCConfigurationList;
			buildConfigurations = (
				4DB1161C2186D82F0016F8B6 /* Debug */,
				4DB1161D2186D82F0016F8B6 /* Release */,
			);
			defaultConfigurationIsVisible = 0;
			defaultConfigurationName = Release;
		};
		4DB1161E2186D82F0016F8B6 /* Build configuration list for PBXNativeTarget "NSURLSecctionTests" */ = {
			isa = XCConfigurationList;
			buildConfigurations = (
				4DB1161F2186D82F0016F8B6 /* Debug */,
				4DB116202186D82F0016F8B6 /* Release */,
			);
			defaultConfigurationIsVisible = 0;
			defaultConfigurationName = Release;
		};
		4DB116212186D82F0016F8B6 /* Build configuration list for PBXNativeTarget "NSURLSecctionUITests" */ = {
			isa = XCConfigurationList;
			buildConfigurations = (
				4DB116222186D82F0016F8B6 /* Debug */,
				4DB116232186D82F0016F8B6 /* Release */,
			);
			defaultConfigurationIsVisible = 0;
			defaultConfigurationName = Release;
		};
/* End XCConfigurationList section */
	};
	rootObject = 4DB115E72186D82E0016F8B6 /* Project object */;
}
